// !$*UTF8*$!
{
	archiveVersion = 1;
	classes = {
	};
	objectVersion = 46;
	objects = {

/* Begin PBXBuildFile section */
		F98147761A9C148D00A8B1CF /* main.m in Sources */ = {isa = PBXBuildFile; fileRef = F98147751A9C148D00A8B1CF /* main.m */; };
		F98147791A9C148D00A8B1CF /* AppDelegate.m in Sources */ = {isa = PBXBuildFile; fileRef = F98147781A9C148D00A8B1CF /* AppDelegate.m */; };
		F981477C1A9C148D00A8B1CF /* ViewController.m in Sources */ = {isa = PBXBuildFile; fileRef = F981477B1A9C148D00A8B1CF /* ViewController.m */; };
		F98147811A9C148D00A8B1CF /* Images.xcassets in Resources */ = {isa = PBXBuildFile; fileRef = F98147801A9C148D00A8B1CF /* Images.xcassets */; };
		F98147841A9C148D00A8B1CF /* LaunchScreen.xib in Resources */ = {isa = PBXBuildFile; fileRef = F98147821A9C148D00A8B1CF /* LaunchScreen.xib */; };
		F98147901A9C148D00A8B1CF /* AlphabetimalsTests.m in Sources */ = {isa = PBXBuildFile; fileRef = F981478F1A9C148D00A8B1CF /* AlphabetimalsTests.m */; };
		F981479B1A9C16E000A8B1CF /* Alphabetimal.m in Sources */ = {isa = PBXBuildFile; fileRef = F981479A1A9C16E000A8B1CF /* Alphabetimal.m */; };
		F981479D1A9C1BED00A8B1CF /* alphabetimal.plist in Resources */ = {isa = PBXBuildFile; fileRef = F981479C1A9C1BED00A8B1CF /* alphabetimal.plist */; };
		F99412151A9F4CFD00E9C134 /* AATableViewCell.m in Sources */ = {isa = PBXBuildFile; fileRef = F99412141A9F4CFD00E9C134 /* AATableViewCell.m */; };
		F9B6BB6B1A9FFD7D00206903 /* AATextField.m in Sources */ = {isa = PBXBuildFile; fileRef = F9B6BB6A1A9FFD7D00206903 /* AATextField.m */; };
/* End PBXBuildFile section */

/* Begin PBXContainerItemProxy section */
		F981478A1A9C148D00A8B1CF /* PBXContainerItemProxy */ = {
			isa = PBXContainerItemProxy;
			containerPortal = F98147681A9C148D00A8B1CF /* Project object */;
			proxyType = 1;
			remoteGlobalIDString = F981476F1A9C148D00A8B1CF;
			remoteInfo = Alphabetimals;
		};
/* End PBXContainerItemProxy section */

/* Begin PBXFileReference section */
		F98147701A9C148D00A8B1CF /* Alphabetimals.app */ = {isa = PBXFileReference; explicitFileType = wrapper.application; includeInIndex = 0; path = Alphabetimals.app; sourceTree = BUILT_PRODUCTS_DIR; };
		F98147741A9C148D00A8B1CF /* Info.plist */ = {isa = PBXFileReference; lastKnownFileType = text.plist.xml; path = Info.plist; sourceTree = "<group>"; };
		F98147751A9C148D00A8B1CF /* main.m */ = {isa = PBXFileReference; lastKnownFileType = sourcecode.c.objc; path = main.m; sourceTree = "<group>"; };
		F98147771A9C148D00A8B1CF /* AppDelegate.h */ = {isa = PBXFileReference; lastKnownFileType = sourcecode.c.h; path = AppDelegate.h; sourceTree = "<group>"; };
		F98147781A9C148D00A8B1CF /* AppDelegate.m */ = {isa = PBXFileReference; lastKnownFileType = sourcecode.c.objc; path = AppDelegate.m; sourceTree = "<group>"; };
		F981477A1A9C148D00A8B1CF /* ViewController.h */ = {isa = PBXFileReference; lastKnownFileType = sourcecode.c.h; path = ViewController.h; sourceTree = "<group>"; };
		F981477B1A9C148D00A8B1CF /* ViewController.m */ = {isa = PBXFileReference; lastKnownFileType = sourcecode.c.objc; path = ViewController.m; sourceTree = "<group>"; };
		F98147801A9C148D00A8B1CF /* Images.xcassets */ = {isa = PBXFileReference; lastKnownFileType = folder.assetcatalog; path = Images.xcassets; sourceTree = "<group>"; };
		F98147831A9C148D00A8B1CF /* Base */ = {isa = PBXFileReference; lastKnownFileType = file.xib; name = Base; path = Base.lproj/LaunchScreen.xib; sourceTree = "<group>"; };
		F98147891A9C148D00A8B1CF /* AlphabetimalsTests.xctest */ = {isa = PBXFileReference; explicitFileType = wrapper.cfbundle; includeInIndex = 0; path = AlphabetimalsTests.xctest; sourceTree = BUILT_PRODUCTS_DIR; };
		F981478E1A9C148D00A8B1CF /* Info.plist */ = {isa = PBXFileReference; lastKnownFileType = text.plist.xml; path = Info.plist; sourceTree = "<group>"; };
		F981478F1A9C148D00A8B1CF /* AlphabetimalsTests.m */ = {isa = PBXFileReference; lastKnownFileType = sourcecode.c.objc; path = AlphabetimalsTests.m; sourceTree = "<group>"; };
		F98147991A9C16E000A8B1CF /* Alphabetimal.h */ = {isa = PBXFileReference; fileEncoding = 4; lastKnownFileType = sourcecode.c.h; path = Alphabetimal.h; sourceTree = "<group>"; };
		F981479A1A9C16E000A8B1CF /* Alphabetimal.m */ = {isa = PBXFileReference; fileEncoding = 4; lastKnownFileType = sourcecode.c.objc; path = Alphabetimal.m; sourceTree = "<group>"; };
		F981479C1A9C1BED00A8B1CF /* alphabetimal.plist */ = {isa = PBXFileReference; fileEncoding = 4; lastKnownFileType = text.plist.xml; path = alphabetimal.plist; sourceTree = "<group>"; };
		F99412131A9F4CFD00E9C134 /* AATableViewCell.h */ = {isa = PBXFileReference; fileEncoding = 4; lastKnownFileType = sourcecode.c.h; path = AATableViewCell.h; sourceTree = "<group>"; };
		F99412141A9F4CFD00E9C134 /* AATableViewCell.m */ = {isa = PBXFileReference; fileEncoding = 4; lastKnownFileType = sourcecode.c.objc; path = AATableViewCell.m; sourceTree = "<group>"; };
		F9B6BB691A9FFD7D00206903 /* AATextField.h */ = {isa = PBXFileReference; fileEncoding = 4; lastKnownFileType = sourcecode.c.h; path = AATextField.h; sourceTree = "<group>"; };
		F9B6BB6A1A9FFD7D00206903 /* AATextField.m */ = {isa = PBXFileReference; fileEncoding = 4; lastKnownFileType = sourcecode.c.objc; path = AATextField.m; sourceTree = "<group>"; };
/* End PBXFileReference section */

/* Begin PBXFrameworksBuildPhase section */
		F981476D1A9C148D00A8B1CF /* Frameworks */ = {
			isa = PBXFrameworksBuildPhase;
			buildActionMask = 2147483647;
			files = (
			);
			runOnlyForDeploymentPostprocessing = 0;
		};
		F98147861A9C148D00A8B1CF /* Frameworks */ = {
			isa = PBXFrameworksBuildPhase;
			buildActionMask = 2147483647;
			files = (
			);
			runOnlyForDeploymentPostprocessing = 0;
		};
/* End PBXFrameworksBuildPhase section */

/* Begin PBXGroup section */
		F98147671A9C148D00A8B1CF = {
			isa = PBXGroup;
			children = (
				F98147721A9C148D00A8B1CF /* Alphabetimals */,
				F981478C1A9C148D00A8B1CF /* AlphabetimalsTests */,
				F98147711A9C148D00A8B1CF /* Products */,
			);
			sourceTree = "<group>";
		};
		F98147711A9C148D00A8B1CF /* Products */ = {
			isa = PBXGroup;
			children = (
				F98147701A9C148D00A8B1CF /* Alphabetimals.app */,
				F98147891A9C148D00A8B1CF /* AlphabetimalsTests.xctest */,
			);
			name = Products;
			sourceTree = "<group>";
		};
		F98147721A9C148D00A8B1CF /* Alphabetimals */ = {
			isa = PBXGroup;
			children = (
				F98147771A9C148D00A8B1CF /* AppDelegate.h */,
				F98147781A9C148D00A8B1CF /* AppDelegate.m */,
				F981477A1A9C148D00A8B1CF /* ViewController.h */,
				F981477B1A9C148D00A8B1CF /* ViewController.m */,
				F98147801A9C148D00A8B1CF /* Images.xcassets */,
				F98147821A9C148D00A8B1CF /* LaunchScreen.xib */,
				F98147731A9C148D00A8B1CF /* Supporting Files */,
				F98147991A9C16E000A8B1CF /* Alphabetimal.h */,
				F981479A1A9C16E000A8B1CF /* Alphabetimal.m */,
				F981479C1A9C1BED00A8B1CF /* alphabetimal.plist */,
				F99412131A9F4CFD00E9C134 /* AATableViewCell.h */,
				F99412141A9F4CFD00E9C134 /* AATableViewCell.m */,
				F9B6BB691A9FFD7D00206903 /* AATextField.h */,
				F9B6BB6A1A9FFD7D00206903 /* AATextField.m */,
			);
			path = Alphabetimals;
			sourceTree = "<group>";
		};
		F98147731A9C148D00A8B1CF /* Supporting Files */ = {
			isa = PBXGroup;
			children = (
				F98147741A9C148D00A8B1CF /* Info.plist */,
				F98147751A9C148D00A8B1CF /* main.m */,
			);
			name = "Supporting Files";
			sourceTree = "<group>";
		};
		F981478C1A9C148D00A8B1CF /* AlphabetimalsTests */ = {
			isa = PBXGroup;
			children = (
				F981478F1A9C148D00A8B1CF /* AlphabetimalsTests.m */,
				F981478D1A9C148D00A8B1CF /* Supporting Files */,
			);
			path = AlphabetimalsTests;
			sourceTree = "<group>";
		};
		F981478D1A9C148D00A8B1CF /* Supporting Files */ = {
			isa = PBXGroup;
			children = (
				F981478E1A9C148D00A8B1CF /* Info.plist */,
			);
			name = "Supporting Files";
			sourceTree = "<group>";
		};
/* End PBXGroup section */

/* Begin PBXNativeTarget section */
		F981476F1A9C148D00A8B1CF /* Alphabetimals */ = {
			isa = PBXNativeTarget;
			buildConfigurationList = F98147931A9C148D00A8B1CF /* Build configuration list for PBXNativeTarget "Alphabetimals" */;
			buildPhases = (
				F981476C1A9C148D00A8B1CF /* Sources */,
				F981476D1A9C148D00A8B1CF /* Frameworks */,
				F981476E1A9C148D00A8B1CF /* Resources */,
			);
			buildRules = (
			);
			dependencies = (
			);
			name = Alphabetimals;
			productName = Alphabetimals;
			productReference = F98147701A9C148D00A8B1CF /* Alphabetimals.app */;
			productType = "com.apple.product-type.application";
		};
		F98147881A9C148D00A8B1CF /* AlphabetimalsTests */ = {
			isa = PBXNativeTarget;
			buildConfigurationList = F98147961A9C148D00A8B1CF /* Build configuration list for PBXNativeTarget "AlphabetimalsTests" */;
			buildPhases = (
				F98147851A9C148D00A8B1CF /* Sources */,
				F98147861A9C148D00A8B1CF /* Frameworks */,
				F98147871A9C148D00A8B1CF /* Resources */,
			);
			buildRules = (
			);
			dependencies = (
				F981478B1A9C148D00A8B1CF /* PBXTargetDependency */,
			);
			name = AlphabetimalsTests;
			productName = AlphabetimalsTests;
			productReference = F98147891A9C148D00A8B1CF /* AlphabetimalsTests.xctest */;
			productType = "com.apple.product-type.bundle.unit-test";
		};
/* End PBXNativeTarget section */

/* Begin PBXProject section */
		F98147681A9C148D00A8B1CF /* Project object */ = {
			isa = PBXProject;
			attributes = {
				LastUpgradeCheck = 0610;
				ORGANIZATIONNAME = "Mona Zhang";
				TargetAttributes = {
					F981476F1A9C148D00A8B1CF = {
						CreatedOnToolsVersion = 6.1;
					};
					F98147881A9C148D00A8B1CF = {
						CreatedOnToolsVersion = 6.1;
						TestTargetID = F981476F1A9C148D00A8B1CF;
					};
				};
			};
			buildConfigurationList = F981476B1A9C148D00A8B1CF /* Build configuration list for PBXProject "Alphabetimals" */;
			compatibilityVersion = "Xcode 3.2";
			developmentRegion = English;
			hasScannedForEncodings = 0;
			knownRegions = (
				en,
				Base,
			);
			mainGroup = F98147671A9C148D00A8B1CF;
			productRefGroup = F98147711A9C148D00A8B1CF /* Products */;
			projectDirPath = "";
			projectRoot = "";
			targets = (
				F981476F1A9C148D00A8B1CF /* Alphabetimals */,
				F98147881A9C148D00A8B1CF /* AlphabetimalsTests */,
			);
		};
/* End PBXProject section */

/* Begin PBXResourcesBuildPhase section */
		F981476E1A9C148D00A8B1CF /* Resources */ = {
			isa = PBXResourcesBuildPhase;
			buildActionMask = 2147483647;
			files = (
				F981479D1A9C1BED00A8B1CF /* alphabetimal.plist in Resources */,
				F98147841A9C148D00A8B1CF /* LaunchScreen.xib in Resources */,
				F98147811A9C148D00A8B1CF /* Images.xcassets in Resources */,
			);
			runOnlyForDeploymentPostprocessing = 0;
		};
		F98147871A9C148D00A8B1CF /* Resources */ = {
			isa = PBXResourcesBuildPhase;
			buildActionMask = 2147483647;
			files = (
			);
			runOnlyForDeploymentPostprocessing = 0;
		};
/* End PBXResourcesBuildPhase section */

/* Begin PBXSourcesBuildPhase section */
		F981476C1A9C148D00A8B1CF /* Sources */ = {
			isa = PBXSourcesBuildPhase;
			buildActionMask = 2147483647;
			files = (
				F981477C1A9C148D00A8B1CF /* ViewController.m in Sources */,
				F981479B1A9C16E000A8B1CF /* Alphabetimal.m in Sources */,
				F98147791A9C148D00A8B1CF /* AppDelegate.m in Sources */,
				F99412151A9F4CFD00E9C134 /* AATableViewCell.m in Sources */,
				F98147761A9C148D00A8B1CF /* main.m in Sources */,
				F9B6BB6B1A9FFD7D00206903 /* AATextField.m in Sources */,
			);
			runOnlyForDeploymentPostprocessing = 0;
		};
		F98147851A9C148D00A8B1CF /* Sources */ = {
			isa = PBXSourcesBuildPhase;
			buildActionMask = 2147483647;
			files = (
				F98147901A9C148D00A8B1CF /* AlphabetimalsTests.m in Sources */,
			);
			runOnlyForDeploymentPostprocessing = 0;
		};
/* End PBXSourcesBuildPhase section */

/* Begin PBXTargetDependency section */
		F981478B1A9C148D00A8B1CF /* PBXTargetDependency */ = {
			isa = PBXTargetDependency;
			target = F981476F1A9C148D00A8B1CF /* Alphabetimals */;
			targetProxy = F981478A1A9C148D00A8B1CF /* PBXContainerItemProxy */;
		};
/* End PBXTargetDependency section */

/* Begin PBXVariantGroup section */
		F98147821A9C148D00A8B1CF /* LaunchScreen.xib */ = {
			isa = PBXVariantGroup;
			children = (
				F98147831A9C148D00A8B1CF /* Base */,
			);
			name = LaunchScreen.xib;
			sourceTree = "<group>";
		};
/* End PBXVariantGroup section */

/* Begin XCBuildConfiguration section */
		F98147911A9C148D00A8B1CF /* Debug */ = {
			isa = XCBuildConfiguration;
			buildSettings = {
				ALWAYS_SEARCH_USER_PATHS = NO;
				CLANG_CXX_LANGUAGE_STANDARD = "gnu++0x";
				CLANG_CXX_LIBRARY = "libc++";
				CLANG_ENABLE_MODULES = YES;
				CLANG_ENABLE_OBJC_ARC = YES;
				CLANG_WARN_BOOL_CONVERSION = YES;
				CLANG_WARN_CONSTANT_CONVERSION = YES;
				CLANG_WARN_DIRECT_OBJC_ISA_USAGE = YES_ERROR;
				CLANG_WARN_EMPTY_BODY = YES;
				CLANG_WARN_ENUM_CONVERSION = YES;
				CLANG_WARN_INT_CONVERSION = YES;
				CLANG_WARN_OBJC_ROOT_CLASS = YES_ERROR;
				CLANG_WARN_UNREACHABLE_CODE = YES;
				CLANG_WARN__DUPLICATE_METHOD_MATCH = YES;
				"CODE_SIGN_IDENTITY[sdk=iphoneos*]" = "iPhone Developer";
				COPY_PHASE_STRIP = NO;
				ENABLE_STRICT_OBJC_MSGSEND = YES;
				GCC_C_LANGUAGE_STANDARD = gnu99;
				GCC_DYNAMIC_NO_PIC = NO;
				GCC_OPTIMIZATION_LEVEL = 0;
				GCC_PREPROCESSOR_DEFINITIONS = (
					"DEBUG=1",
					"$(inherited)",
				);
				GCC_SYMBOLS_PRIVATE_EXTERN = NO;
				GCC_WARN_64_TO_32_BIT_CONVERSION = YES;
				GCC_WARN_ABOUT_RETURN_TYPE = YES_ERROR;
				GCC_WARN_UNDECLARED_SELECTOR = YES;
				GCC_WARN_UNINITIALIZED_AUTOS = YES_AGGRESSIVE;
				GCC_WARN_UNUSED_FUNCTION = YES;
				GCC_WARN_UNUSED_VARIABLE = YES;
				IPHONEOS_DEPLOYMENT_TARGET = 8.1;
				MTL_ENABLE_DEBUG_INFO = YES;
				ONLY_ACTIVE_ARCH = YES;
				SDKROOT = iphoneos;
				TARGETED_DEVICE_FAMILY = "1,2";
			};
			name = Debug;
		};
		F98147921A9C148D00A8B1CF /* Release */ = {
			isa = XCBuildConfiguration;
			buildSettings = {
				ALWAYS_SEARCH_USER_PATHS = NO;
				CLANG_CXX_LANGUAGE_STANDARD = "gnu++0x";
				CLANG_CXX_LIBRARY = "libc++";
				CLANG_ENABLE_MODULES = YES;
				CLANG_ENABLE_OBJC_ARC = YES;
				CLANG_WARN_BOOL_CONVERSION = YES;
				CLANG_WARN_CONSTANT_CONVERSION = YES;
				CLANG_WARN_DIRECT_OBJC_ISA_USAGE = YES_ERROR;
				CLANG_WARN_EMPTY_BODY = YES;
				CLANG_WARN_ENUM_CONVERSION = YES;
				CLANG_WARN_INT_CONVERSION = YES;
				CLANG_WARN_OBJC_ROOT_CLASS = YES_ERROR;
				CLANG_WARN_UNREACHABLE_CODE = YES;
				CLANG_WARN__DUPLICATE_METHOD_MATCH = YES;
				"CODE_SIGN_IDENTITY[sdk=iphoneos*]" = "iPhone Developer";
				COPY_PHASE_STRIP = YES;
				ENABLE_NS_ASSERTIONS = NO;
				ENABLE_STRICT_OBJC_MSGSEND = YES;
				GCC_C_LANGUAGE_STANDARD = gnu99;
				GCC_WARN_64_TO_32_BIT_CONVERSION = YES;
				GCC_WARN_ABOUT_RETURN_TYPE = YES_ERROR;
				GCC_WARN_UNDECLARED_SELECTOR = YES;
				GCC_WARN_UNINITIALIZED_AUTOS = YES_AGGRESSIVE;
				GCC_WARN_UNUSED_FUNCTION = YES;
				GCC_WARN_UNUSED_VARIABLE = YES;
				IPHONEOS_DEPLOYMENT_TARGET = 8.1;
				MTL_ENABLE_DEBUG_INFO = NO;
				SDKROOT = iphoneos;
				TARGETED_DEVICE_FAMILY = "1,2";
				VALIDATE_PRODUCT = YES;
			};
			name = Release;
		};
		F98147941A9C148D00A8B1CF /* Debug */ = {
			isa = XCBuildConfiguration;
			buildSettings = {
				ASSETCATALOG_COMPILER_APPICON_NAME = AppIcon;
				INFOPLIST_FILE = Alphabetimals/Info.plist;
				LD_RUNPATH_SEARCH_PATHS = "$(inherited) @executable_path/Frameworks";
				PRODUCT_NAME = "$(TARGET_NAME)";
			};
			name = Debug;
		};
		F98147951A9C148D00A8B1CF /* Release */ = {
			isa = XCBuildConfiguration;
			buildSettings = {
				ASSETCATALOG_COMPILER_APPICON_NAME = AppIcon;
				INFOPLIST_FILE = Alphabetimals/Info.plist;
				LD_RUNPATH_SEARCH_PATHS = "$(inherited) @executable_path/Frameworks";
				PRODUCT_NAME = "$(TARGET_NAME)";
			};
			name = Release;
		};
		F98147971A9C148D00A8B1CF /* Debug */ = {
			isa = XCBuildConfiguration;
			buildSettings = {
				BUNDLE_LOADER = "$(TEST_HOST)";
				FRAMEWORK_SEARCH_PATHS = (
					"$(SDKROOT)/Developer/Library/Frameworks",
					"$(inherited)",
				);
				GCC_PREPROCESSOR_DEFINITIONS = (
					"DEBUG=1",
					"$(inherited)",
				);
				INFOPLIST_FILE = AlphabetimalsTests/Info.plist;
				LD_RUNPATH_SEARCH_PATHS = "$(inherited) @executable_path/Frameworks @loader_path/Frameworks";
				PRODUCT_NAME = "$(TARGET_NAME)";
				TEST_HOST = "$(BUILT_PRODUCTS_DIR)/Alphabetimals.app/Alphabetimals";
			};
			name = Debug;
		};
		F98147981A9C148D00A8B1CF /* Release */ = {
			isa = XCBuildConfiguration;
			buildSettings = {
				BUNDLE_LOADER = "$(TEST_HOST)";
				FRAMEWORK_SEARCH_PATHS = (
					"$(SDKROOT)/Developer/Library/Frameworks",
					"$(inherited)",
				);
				INFOPLIST_FILE = AlphabetimalsTests/Info.plist;
				LD_RUNPATH_SEARCH_PATHS = "$(inherited) @executable_path/Frameworks @loader_path/Frameworks";
				PRODUCT_NAME = "$(TARGET_NAME)";
				TEST_HOST = "$(BUILT_PRODUCTS_DIR)/Alphabetimals.app/Alphabetimals";
			};
			name = Release;
		};
/* End XCBuildConfiguration section */

/* Begin XCConfigurationList section */
		F981476B1A9C148D00A8B1CF /* Build configuration list for PBXProject "Alphabetimals" */ = {
			isa = XCConfigurationList;
			buildConfigurations = (
				F98147911A9C148D00A8B1CF /* Debug */,
				F98147921A9C148D00A8B1CF /* Release */,
			);
			defaultConfigurationIsVisible = 0;
			defaultConfigurationName = Release;
		};
		F98147931A9C148D00A8B1CF /* Build configuration list for PBXNativeTarget "Alphabetimals" */ = {
			isa = XCConfigurationList;
			buildConfigurations = (
				F98147941A9C148D00A8B1CF /* Debug */,
				F98147951A9C148D00A8B1CF /* Release */,
			);
			defaultConfigurationIsVisible = 0;
			defaultConfigurationName = Release;
		};
		F98147961A9C148D00A8B1CF /* Build configuration list for PBXNativeTarget "AlphabetimalsTests" */ = {
			isa = XCConfigurationList;
			buildConfigurations = (
				F98147971A9C148D00A8B1CF /* Debug */,
				F98147981A9C148D00A8B1CF /* Release */,
			);
			defaultConfigurationIsVisible = 0;
			defaultConfigurationName = Release;
		};
/* End XCConfigurationList section */
	};
	rootObject = F98147681A9C148D00A8B1CF /* Project object */;
}
